
Microsoft Visual Studio Solution File, Format Version 12.00
# Visual Studio 15
VisualStudioVersion = 15.0.26228.4
MinimumVisualStudioVersion = 10.0.40219.1
Project("{9A19103F-16F7-4668-BE54-9A1E7A4F7556}") = "Project.WebAPI", "Project.WebAPI\Project.WebAPI.csproj", "{1F42BD35-92B4-41CA-BEB3-323AEBD5AA39}"
EndProject
Project("{9A19103F-16F7-4668-BE54-9A1E7A4F7556}") = "Project.DataAccess", "Project.DataAccess\Project.DataAccess.csproj", "{96276810-9D46-4B90-A3CA-6F28554DDB89}"
EndProject
Project("{9A19103F-16F7-4668-BE54-9A1E7A4F7556}") = "Project.BusinessComponents", "Project.BusinessComponents\Project.BusinessComponents.csproj", "{D580459D-826A-4246-B0A4-5CAD955E69BD}"
EndProject
Project("{9A19103F-16F7-4668-BE54-9A1E7A4F7556}") = "Project.Entities", "Project.Entities\Project.Entities.csproj", "{C48726AA-A885-4B98-8703-FDE893CD5623}"
EndProject
Project("{2150E333-8FDC-42A3-9474-1A3956D46DE8}") = "Services", "Services", "{222B8B01-66A1-4CEB-9166-3132B1D5743D}"
EndProject
Project("{2150E333-8FDC-42A3-9474-1A3956D46DE8}") = "DAL", "DAL", "{A860BA62-783C-4F02-9C6D-EAC8A3C6D258}"
EndProject
Project("{2150E333-8FDC-42A3-9474-1A3956D46DE8}") = "Shared", "Shared", "{CC1B8041-7F24-4344-9CEB-E6C886DF9E44}"
EndProject
Project("{2150E333-8FDC-42A3-9474-1A3956D46DE8}") = "Infrastructure", "Infrastructure", "{82672244-818F-483A-964E-A33129BDACE7}"
EndProject
Project("{FAE04EC0-301F-11D3-BF4B-00C04F79EFBC}") = "Project.DependencyInjections", "Project.DependencyInjections\Project.DependencyInjections.csproj", "{B0879C63-90D0-4591-836B-A8E117B11DCB}"
EndProject
Global
	GlobalSection(SolutionConfigurationPlatforms) = preSolution
		Debug|Any CPU = Debug|Any CPU
		Release|Any CPU = Release|Any CPU
	EndGlobalSection
	GlobalSection(ProjectConfigurationPlatforms) = postSolution
		{1F42BD35-92B4-41CA-BEB3-323AEBD5AA39}.Debug|Any CPU.ActiveCfg = Debug|Any CPU
		{1F42BD35-92B4-41CA-BEB3-323AEBD5AA39}.Debug|Any CPU.Build.0 = Debug|Any CPU
		{1F42BD35-92B4-41CA-BEB3-323AEBD5AA39}.Release|Any CPU.ActiveCfg = Release|Any CPU
		{1F42BD35-92B4-41CA-BEB3-323AEBD5AA39}.Release|Any CPU.Build.0 = Release|Any CPU
		{96276810-9D46-4B90-A3CA-6F28554DDB89}.Debug|Any CPU.ActiveCfg = Debug|Any CPU
		{96276810-9D46-4B90-A3CA-6F28554DDB89}.Debug|Any CPU.Build.0 = Debug|Any CPU
		{96276810-9D46-4B90-A3CA-6F28554DDB89}.Release|Any CPU.ActiveCfg = Release|Any CPU
		{96276810-9D46-4B90-A3CA-6F28554DDB89}.Release|Any CPU.Build.0 = Release|Any CPU
		{D580459D-826A-4246-B0A4-5CAD955E69BD}.Debug|Any CPU.ActiveCfg = Debug|Any CPU
		{D580459D-826A-4246-B0A4-5CAD955E69BD}.Debug|Any CPU.Build.0 = Debug|Any CPU
		{D580459D-826A-4246-B0A4-5CAD955E69BD}.Release|Any CPU.ActiveCfg = Release|Any CPU
		{D580459D-826A-4246-B0A4-5CAD955E69BD}.Release|Any CPU.Build.0 = Release|Any CPU
		{C48726AA-A885-4B98-8703-FDE893CD5623}.Debug|Any CPU.ActiveCfg = Debug|Any CPU
		{C48726AA-A885-4B98-8703-FDE893CD5623}.Debug|Any CPU.Build.0 = Debug|Any CPU
		{C48726AA-A885-4B98-8703-FDE893CD5623}.Release|Any CPU.ActiveCfg = Release|Any CPU
		{C48726AA-A885-4B98-8703-FDE893CD5623}.Release|Any CPU.Build.0 = Release|Any CPU
		{B0879C63-90D0-4591-836B-A8E117B11DCB}.Debug|Any CPU.ActiveCfg = Debug|Any CPU
		{B0879C63-90D0-4591-836B-A8E117B11DCB}.Debug|Any CPU.Build.0 = Debug|Any CPU
		{B0879C63-90D0-4591-836B-A8E117B11DCB}.Release|Any CPU.ActiveCfg = Release|Any CPU
		{B0879C63-90D0-4591-836B-A8E117B11DCB}.Release|Any CPU.Build.0 = Release|Any CPU
	EndGlobalSection
	GlobalSection(SolutionProperties) = preSolution
		HideSolutionNode = FALSE
	EndGlobalSection
	GlobalSection(NestedProjects) = preSolution
		{1F42BD35-92B4-41CA-BEB3-323AEBD5AA39} = {222B8B01-66A1-4CEB-9166-3132B1D5743D}
		{96276810-9D46-4B90-A3CA-6F28554DDB89} = {A860BA62-783C-4F02-9C6D-EAC8A3C6D258}
		{D580459D-826A-4246-B0A4-5CAD955E69BD} = {82672244-818F-483A-964E-A33129BDACE7}
		{C48726AA-A885-4B98-8703-FDE893CD5623} = {CC1B8041-7F24-4344-9CEB-E6C886DF9E44}
		{B0879C63-90D0-4591-836B-A8E117B11DCB} = {82672244-818F-483A-964E-A33129BDACE7}
	EndGlobalSection
EndGlobal
