
Microsoft Visual Studio Solution File, Format Version 12.00
# Visual Studio 15
VisualStudioVersion = 15.0.27004.2010
MinimumVisualStudioVersion = 10.0.40219.1
Project("{9A19103F-16F7-4668-BE54-9A1E7A4F7556}") = "Project.WebAPI", "Project.WebAPI\Project.WebAPI.csproj", "{1F42BD35-92B4-41CA-BEB3-323AEBD5AA39}"
	ProjectSection(ProjectDependencies) = postProject
		{C48726AA-A885-4B98-8703-FDE893CD5623} = {C48726AA-A885-4B98-8703-FDE893CD5623}
	EndProjectSection
EndProject
Project("{9A19103F-16F7-4668-BE54-9A1E7A4F7556}") = "Project.Domain", "Project.DataAccess\Project.Domain.csproj", "{96276810-9D46-4B90-A3CA-6F28554DDB89}"
EndProject
Project("{9A19103F-16F7-4668-BE54-9A1E7A4F7556}") = "Project.Services", "Project.BusinessComponents\Project.Services.csproj", "{D580459D-826A-4246-B0A4-5CAD955E69BD}"
EndProject
Project("{9A19103F-16F7-4668-BE54-9A1E7A4F7556}") = "Project.Entities", "Project.Entities\Project.Entities.csproj", "{C48726AA-A885-4B98-8703-FDE893CD5623}"
EndProject
Project("{2150E333-8FDC-42A3-9474-1A3956D46DE8}") = "src", "src", "{CA73D324-4F44-459A-8BD6-29990008BB9C}"
EndProject
Project("{2150E333-8FDC-42A3-9474-1A3956D46DE8}") = "test", "test", "{086E8D58-DE43-45AB-9425-179614E75540}"
EndProject
Project("{9A19103F-16F7-4668-BE54-9A1E7A4F7556}") = "XUnitTestProject", "XUnitTestProject\XUnitTestProject.csproj", "{AD4CA1B5-06E3-46A2-B004-69C2BE759BCE}"
EndProject
Project("{2150E333-8FDC-42A3-9474-1A3956D46DE8}") = "ui", "ui", "{75387C99-35C8-4804-81A2-C1B8C34232E7}"
EndProject
Project("{2150E333-8FDC-42A3-9474-1A3956D46DE8}") = "api", "api", "{7035F92B-AA86-4B65-9EDA-1B3234BF8668}"
EndProject
Project("{9A19103F-16F7-4668-BE54-9A1E7A4F7556}") = "Project.UI", "Project.UI\Project.UI.csproj", "{365F9C57-EDB7-4CD3-B377-68F7202497AD}"
EndProject
Global
	GlobalSection(SolutionConfigurationPlatforms) = preSolution
		Debug|Any CPU = Debug|Any CPU
		Release|Any CPU = Release|Any CPU
	EndGlobalSection
	GlobalSection(ProjectConfigurationPlatforms) = postSolution
		{1F42BD35-92B4-41CA-BEB3-323AEBD5AA39}.Debug|Any CPU.ActiveCfg = Debug|Any CPU
		{1F42BD35-92B4-41CA-BEB3-323AEBD5AA39}.Debug|Any CPU.Build.0 = Debug|Any CPU
		{1F42BD35-92B4-41CA-BEB3-323AEBD5AA39}.Release|Any CPU.ActiveCfg = Release|Any CPU
		{1F42BD35-92B4-41CA-BEB3-323AEBD5AA39}.Release|Any CPU.Build.0 = Release|Any CPU
		{96276810-9D46-4B90-A3CA-6F28554DDB89}.Debug|Any CPU.ActiveCfg = Debug|Any CPU
		{96276810-9D46-4B90-A3CA-6F28554DDB89}.Debug|Any CPU.Build.0 = Debug|Any CPU
		{96276810-9D46-4B90-A3CA-6F28554DDB89}.Release|Any CPU.ActiveCfg = Release|Any CPU
		{96276810-9D46-4B90-A3CA-6F28554DDB89}.Release|Any CPU.Build.0 = Release|Any CPU
		{D580459D-826A-4246-B0A4-5CAD955E69BD}.Debug|Any CPU.ActiveCfg = Debug|Any CPU
		{D580459D-826A-4246-B0A4-5CAD955E69BD}.Debug|Any CPU.Build.0 = Debug|Any CPU
		{D580459D-826A-4246-B0A4-5CAD955E69BD}.Release|Any CPU.ActiveCfg = Release|Any CPU
		{D580459D-826A-4246-B0A4-5CAD955E69BD}.Release|Any CPU.Build.0 = Release|Any CPU
		{C48726AA-A885-4B98-8703-FDE893CD5623}.Debug|Any CPU.ActiveCfg = Debug|Any CPU
		{C48726AA-A885-4B98-8703-FDE893CD5623}.Debug|Any CPU.Build.0 = Debug|Any CPU
		{C48726AA-A885-4B98-8703-FDE893CD5623}.Release|Any CPU.ActiveCfg = Release|Any CPU
		{C48726AA-A885-4B98-8703-FDE893CD5623}.Release|Any CPU.Build.0 = Release|Any CPU
		{AD4CA1B5-06E3-46A2-B004-69C2BE759BCE}.Debug|Any CPU.ActiveCfg = Debug|Any CPU
		{AD4CA1B5-06E3-46A2-B004-69C2BE759BCE}.Release|Any CPU.ActiveCfg = Release|Any CPU
		{365F9C57-EDB7-4CD3-B377-68F7202497AD}.Debug|Any CPU.ActiveCfg = Debug|Any CPU
		{365F9C57-EDB7-4CD3-B377-68F7202497AD}.Release|Any CPU.ActiveCfg = Release|Any CPU
	EndGlobalSection
	GlobalSection(SolutionProperties) = preSolution
		HideSolutionNode = FALSE
	EndGlobalSection
	GlobalSection(NestedProjects) = preSolution
		{1F42BD35-92B4-41CA-BEB3-323AEBD5AA39} = {7035F92B-AA86-4B65-9EDA-1B3234BF8668}
		{96276810-9D46-4B90-A3CA-6F28554DDB89} = {7035F92B-AA86-4B65-9EDA-1B3234BF8668}
		{D580459D-826A-4246-B0A4-5CAD955E69BD} = {7035F92B-AA86-4B65-9EDA-1B3234BF8668}
		{C48726AA-A885-4B98-8703-FDE893CD5623} = {7035F92B-AA86-4B65-9EDA-1B3234BF8668}
		{AD4CA1B5-06E3-46A2-B004-69C2BE759BCE} = {086E8D58-DE43-45AB-9425-179614E75540}
		{75387C99-35C8-4804-81A2-C1B8C34232E7} = {CA73D324-4F44-459A-8BD6-29990008BB9C}
		{7035F92B-AA86-4B65-9EDA-1B3234BF8668} = {CA73D324-4F44-459A-8BD6-29990008BB9C}
		{365F9C57-EDB7-4CD3-B377-68F7202497AD} = {75387C99-35C8-4804-81A2-C1B8C34232E7}
	EndGlobalSection
	GlobalSection(ExtensibilityGlobals) = postSolution
		SolutionGuid = {13B93995-81D8-439B-B2E3-F7B81A1A66F4}
	EndGlobalSection
EndGlobal
